// !$*UTF8*$!
{
	archiveVersion = 1;
	classes = {
	};
	objectVersion = 48;
	objects = {

/* Begin PBXBuildFile section */
		719420F71F445CD2008AB55E /* AppDelegate.swift in Sources */ = {isa = PBXBuildFile; fileRef = 719420F61F445CD2008AB55E /* AppDelegate.swift */; };
		719420F91F445CD2008AB55E /* ViewController.swift in Sources */ = {isa = PBXBuildFile; fileRef = 719420F81F445CD2008AB55E /* ViewController.swift */; };
		719420FC1F445CD2008AB55E /* Main.storyboard in Resources */ = {isa = PBXBuildFile; fileRef = 719420FA1F445CD2008AB55E /* Main.storyboard */; };
		719420FE1F445CD2008AB55E /* Assets.xcassets in Resources */ = {isa = PBXBuildFile; fileRef = 719420FD1F445CD2008AB55E /* Assets.xcassets */; };
		719421011F445CD2008AB55E /* LaunchScreen.storyboard in Resources */ = {isa = PBXBuildFile; fileRef = 719420FF1F445CD2008AB55E /* LaunchScreen.storyboard */; };
/* End PBXBuildFile section */

/* Begin PBXFileReference section */
		719420F31F445CD2008AB55E /* demoHealthKit.app */ = {isa = PBXFileReference; explicitFileType = wrapper.application; includeInIndex = 0; path = demoHealthKit.app; sourceTree = BUILT_PRODUCTS_DIR; };
		719420F61F445CD2008AB55E /* AppDelegate.swift */ = {isa = PBXFileReference; lastKnownFileType = sourcecode.swift; path = AppDelegate.swift; sourceTree = "<group>"; };
		719420F81F445CD2008AB55E /* ViewController.swift */ = {isa = PBXFileReference; lastKnownFileType = sourcecode.swift; path = ViewController.swift; sourceTree = "<group>"; };
		719420FB1F445CD2008AB55E /* Base */ = {isa = PBXFileReference; lastKnownFileType = file.storyboard; name = Base; path = Base.lproj/Main.storyboard; sourceTree = "<group>"; };
		719420FD1F445CD2008AB55E /* Assets.xcassets */ = {isa = PBXFileReference; lastKnownFileType = folder.assetcatalog; path = Assets.xcassets; sourceTree = "<group>"; };
		719421001F445CD2008AB55E /* Base */ = {isa = PBXFileReference; lastKnownFileType = file.storyboard; name = Base; path = Base.lproj/LaunchScreen.storyboard; sourceTree = "<group>"; };
		719421021F445CD2008AB55E /* Info.plist */ = {isa = PBXFileReference; lastKnownFileType = text.plist.xml; path = Info.plist; sourceTree = "<group>"; };
/* End PBXFileReference section */

/* Begin PBXFrameworksBuildPhase section */
		719420F01F445CD2008AB55E /* Frameworks */ = {
			isa = PBXFrameworksBuildPhase;
			buildActionMask = 2147483647;
			files = (
			);
			runOnlyForDeploymentPostprocessing = 0;
		};
/* End PBXFrameworksBuildPhase section */

/* Begin PBXGroup section */
		719420EA1F445CD2008AB55E = {
			isa = PBXGroup;
			children = (
				719420F51F445CD2008AB55E /* demoHealthKit */,
				719420F41F445CD2008AB55E /* Products */,
			);
			sourceTree = "<group>";
		};
		719420F41F445CD2008AB55E /* Products */ = {
			isa = PBXGroup;
			children = (
				719420F31F445CD2008AB55E /* demoHealthKit.app */,
			);
			name = Products;
			sourceTree = "<group>";
		};
		719420F51F445CD2008AB55E /* demoHealthKit */ = {
			isa = PBXGroup;
			children = (
				719420F61F445CD2008AB55E /* AppDelegate.swift */,
				719420F81F445CD2008AB55E /* ViewController.swift */,
				719420FA1F445CD2008AB55E /* Main.storyboard */,
				719420FD1F445CD2008AB55E /* Assets.xcassets */,
				719420FF1F445CD2008AB55E /* LaunchScreen.storyboard */,
				719421021F445CD2008AB55E /* Info.plist */,
			);
			path = demoHealthKit;
			sourceTree = "<group>";
		};
/* End PBXGroup section */

/* Begin PBXNativeTarget section */
		719420F21F445CD2008AB55E /* demoHealthKit */ = {
			isa = PBXNativeTarget;
			buildConfigurationList = 719421051F445CD2008AB55E /* Build configuration list for PBXNativeTarget "demoHealthKit" */;
			buildPhases = (
				719420EF1F445CD2008AB55E /* Sources */,
				719420F01F445CD2008AB55E /* Frameworks */,
				719420F11F445CD2008AB55E /* Resources */,
			);
			buildRules = (
			);
			dependencies = (
			);
			name = demoHealthKit;
			productName = demoHealthKit;
			productReference = 719420F31F445CD2008AB55E /* demoHealthKit.app */;
			productType = "com.apple.product-type.application";
		};
/* End PBXNativeTarget section */

/* Begin PBXProject section */
		719420EB1F445CD2008AB55E /* Project object */ = {
			isa = PBXProject;
			attributes = {
				LastSwiftUpdateCheck = 0900;
				LastUpgradeCheck = 0900;
				ORGANIZATIONNAME = "陳鈞廷";
				TargetAttributes = {
					719420F21F445CD2008AB55E = {
						CreatedOnToolsVersion = 9.0;
					};
				};
			};
			buildConfigurationList = 719420EE1F445CD2008AB55E /* Build configuration list for PBXProject "demoHealthKit" */;
			compatibilityVersion = "Xcode 8.0";
			developmentRegion = en;
			hasScannedForEncodings = 0;
			knownRegions = (
				en,
				Base,
			);
			mainGroup = 719420EA1F445CD2008AB55E;
			productRefGroup = 719420F41F445CD2008AB55E /* Products */;
			projectDirPath = "";
			projectRoot = "";
			targets = (
				719420F21F445CD2008AB55E /* demoHealthKit */,
			);
		};
/* End PBXProject section */

/* Begin PBXResourcesBuildPhase section */
		719420F11F445CD2008AB55E /* Resources */ = {
			isa = PBXResourcesBuildPhase;
			buildActionMask = 2147483647;
			files = (
				719421011F445CD2008AB55E /* LaunchScreen.storyboard in Resources */,
				719420FE1F445CD2008AB55E /* Assets.xcassets in Resources */,
				719420FC1F445CD2008AB55E /* Main.storyboard in Resources */,
			);
			runOnlyForDeploymentPostprocessing = 0;
		};
/* End PBXResourcesBuildPhase section */

/* Begin PBXSourcesBuildPhase section */
		719420EF1F445CD2008AB55E /* Sources */ = {
			isa = PBXSourcesBuildPhase;
			buildActionMask = 2147483647;
			files = (
				719420F91F445CD2008AB55E /* ViewController.swift in Sources */,
				719420F71F445CD2008AB55E /* AppDelegate.swift in Sources */,
			);
			runOnlyForDeploymentPostprocessing = 0;
		};
/* End PBXSourcesBuildPhase section */

/* Begin PBXVariantGroup section */
		719420FA1F445CD2008AB55E /* Main.storyboard */ = {
			isa = PBXVariantGroup;
			children = (
				719420FB1F445CD2008AB55E /* Base */,
			);
			name = Main.storyboard;
			sourceTree = "<group>";
		};
		719420FF1F445CD2008AB55E /* LaunchScreen.storyboard */ = {
			isa = PBXVariantGroup;
			children = (
				719421001F445CD2008AB55E /* Base */,
			);
			name = LaunchScreen.storyboard;
			sourceTree = "<group>";
		};
/* End PBXVariantGroup section */

/* Begin XCBuildConfiguration section */
		719421031F445CD2008AB55E /* Debug */ = {
			isa = XCBuildConfiguration;
			buildSettings = {
				ALWAYS_SEARCH_USER_PATHS = NO;
				CLANG_ANALYZER_NONNULL = YES;
				CLANG_ANALYZER_NUMBER_OBJECT_CONVERSION = YES_AGGRESSIVE;
				CLANG_CXX_LANGUAGE_STANDARD = "gnu++14";
				CLANG_CXX_LIBRARY = "libc++";
				CLANG_ENABLE_MODULES = YES;
				CLANG_ENABLE_OBJC_ARC = YES;
				CLANG_WARN_BLOCK_CAPTURE_AUTORELEASING = YES;
				CLANG_WARN_BOOL_CONVERSION = YES;
				CLANG_WARN_COMMA = YES;
				CLANG_WARN_CONSTANT_CONVERSION = YES;
				CLANG_WARN_DIRECT_OBJC_ISA_USAGE = YES_ERROR;
				CLANG_WARN_DOCUMENTATION_COMMENTS = YES;
				CLANG_WARN_EMPTY_BODY = YES;
				CLANG_WARN_ENUM_CONVERSION = YES;
				CLANG_WARN_INFINITE_RECURSION = YES;
				CLANG_WARN_INT_CONVERSION = YES;
				CLANG_WARN_NON_LITERAL_NULL_CONVERSION = YES;
				CLANG_WARN_OBJC_LITERAL_CONVERSION = YES;
				CLANG_WARN_OBJC_ROOT_CLASS = YES_ERROR;
				CLANG_WARN_RANGE_LOOP_ANALYSIS = YES;
				CLANG_WARN_STRICT_PROTOTYPES = YES;
				CLANG_WARN_SUSPICIOUS_MOVE = YES;
				CLANG_WARN_UNGUARDED_AVAILABILITY = YES_AGGRESSIVE;
				CLANG_WARN_UNREACHABLE_CODE = YES;
				CLANG_WARN__DUPLICATE_METHOD_MATCH = YES;
				CODE_SIGN_IDENTITY = "iPhone Developer";
				COPY_PHASE_STRIP = NO;
				DEBUG_INFORMATION_FORMAT = dwarf;
				ENABLE_STRICT_OBJC_MSGSEND = YES;
				ENABLE_TESTABILITY = YES;
				GCC_C_LANGUAGE_STANDARD = gnu11;
				GCC_DYNAMIC_NO_PIC = NO;
				GCC_NO_COMMON_BLOCKS = YES;
				GCC_OPTIMIZATION_LEVEL = 0;
				GCC_PREPROCESSOR_DEFINITIONS = (
					"DEBUG=1",
					"$(inherited)",
				);
				GCC_WARN_64_TO_32_BIT_CONVERSION = YES;
				GCC_WARN_ABOUT_RETURN_TYPE = YES_ERROR;
				GCC_WARN_UNDECLARED_SELECTOR = YES;
				GCC_WARN_UNINITIALIZED_AUTOS = YES_AGGRESSIVE;
				GCC_WARN_UNUSED_FUNCTION = YES;
				GCC_WARN_UNUSED_VARIABLE = YES;
				IPHONEOS_DEPLOYMENT_TARGET = 11.0;
				MTL_ENABLE_DEBUG_INFO = YES;
				ONLY_ACTIVE_ARCH = YES;
				SDKROOT = iphoneos;
				SWIFT_ACTIVE_COMPILATION_CONDITIONS = DEBUG;
				SWIFT_OPTIMIZATION_LEVEL = "-Onone";
			};
			name = Debug;
		};
		719421041F445CD2008AB55E /* Release */ = {
			isa = XCBuildConfiguration;
			buildSettings = {
				ALWAYS_SEARCH_USER_PATHS = NO;
				CLANG_ANALYZER_NONNULL = YES;
				CLANG_ANALYZER_NUMBER_OBJECT_CONVERSION = YES_AGGRESSIVE;
				CLANG_CXX_LANGUAGE_STANDARD = "gnu++14";
				CLANG_CXX_LIBRARY = "libc++";
				CLANG_ENABLE_MODULES = YES;
				CLANG_ENABLE_OBJC_ARC = YES;
				CLANG_WARN_BLOCK_CAPTURE_AUTORELEASING = YES;
				CLANG_WARN_BOOL_CONVERSION = YES;
				CLANG_WARN_COMMA = YES;
				CLANG_WARN_CONSTANT_CONVERSION = YES;
				CLANG_WARN_DIRECT_OBJC_ISA_USAGE = YES_ERROR;
				CLANG_WARN_DOCUMENTATION_COMMENTS = YES;
				CLANG_WARN_EMPTY_BODY = YES;
				CLANG_WARN_ENUM_CONVERSION = YES;
				CLANG_WARN_INFINITE_RECURSION = YES;
				CLANG_WARN_INT_CONVERSION = YES;
				CLANG_WARN_NON_LITERAL_NULL_CONVERSION = YES;
				CLANG_WARN_OBJC_LITERAL_CONVERSION = YES;
				CLANG_WARN_OBJC_ROOT_CLASS = YES_ERROR;
				CLANG_WARN_RANGE_LOOP_ANALYSIS = YES;
				CLANG_WARN_STRICT_PROTOTYPES = YES;
				CLANG_WARN_SUSPICIOUS_MOVE = YES;
				CLANG_WARN_UNGUARDED_AVAILABILITY = YES_AGGRESSIVE;
				CLANG_WARN_UNREACHABLE_CODE = YES;
				CLANG_WARN__DUPLICATE_METHOD_MATCH = YES;
				CODE_SIGN_IDENTITY = "iPhone Developer";
				COPY_PHASE_STRIP = NO;
				DEBUG_INFORMATION_FORMAT = "dwarf-with-dsym";
				ENABLE_NS_ASSERTIONS = NO;
				ENABLE_STRICT_OBJC_MSGSEND = YES;
				GCC_C_LANGUAGE_STANDARD = gnu11;
				GCC_NO_COMMON_BLOCKS = YES;
				GCC_WARN_64_TO_32_BIT_CONVERSION = YES;
				GCC_WARN_ABOUT_RETURN_TYPE = YES_ERROR;
				GCC_WARN_UNDECLARED_SELECTOR = YES;
				GCC_WARN_UNINITIALIZED_AUTOS = YES_AGGRESSIVE;
				GCC_WARN_UNUSED_FUNCTION = YES;
				GCC_WARN_UNUSED_VARIABLE = YES;
				IPHONEOS_DEPLOYMENT_TARGET = 11.0;
				MTL_ENABLE_DEBUG_INFO = NO;
				SDKROOT = iphoneos;
				SWIFT_OPTIMIZATION_LEVEL = "-Owholemodule";
				VALIDATE_PRODUCT = YES;
			};
			name = Release;
		};
		719421061F445CD2008AB55E /* Debug */ = {
			isa = XCBuildConfiguration;
			buildSettings = {
				ASSETCATALOG_COMPILER_APPICON_NAME = AppIcon;
				DEVELOPMENT_TEAM = 5AWGXX98KX;
				INFOPLIST_FILE = demoHealthKit/Info.plist;
				LD_RUNPATH_SEARCH_PATHS = "$(inherited) @executable_path/Frameworks";
				PRODUCT_BUNDLE_IDENTIFIER = hankchen1728.demoHealthKit;
				PRODUCT_NAME = "$(TARGET_NAME)";
				SWIFT_VERSION = 4.0;
				TARGETED_DEVICE_FAMILY = "1,2";
			};
			name = Debug;
		};
		719421071F445CD2008AB55E /* Release */ = {
			isa = XCBuildConfiguration;
			buildSettings = {
				ASSETCATALOG_COMPILER_APPICON_NAME = AppIcon;
				DEVELOPMENT_TEAM = 5AWGXX98KX;
				INFOPLIST_FILE = demoHealthKit/Info.plist;
				LD_RUNPATH_SEARCH_PATHS = "$(inherited) @executable_path/Frameworks";
				PRODUCT_BUNDLE_IDENTIFIER = hankchen1728.demoHealthKit;
				PRODUCT_NAME = "$(TARGET_NAME)";
				SWIFT_VERSION = 4.0;
				TARGETED_DEVICE_FAMILY = "1,2";
			};
			name = Release;
		};
/* End XCBuildConfiguration section */

/* Begin XCConfigurationList section */
		719420EE1F445CD2008AB55E /* Build configuration list for PBXProject "demoHealthKit" */ = {
			isa = XCConfigurationList;
			buildConfigurations = (
				719421031F445CD2008AB55E /* Debug */,
				719421041F445CD2008AB55E /* Release */,
			);
			defaultConfigurationIsVisible = 0;
			defaultConfigurationName = Release;
		};
		719421051F445CD2008AB55E /* Build configuration list for PBXNativeTarget "demoHealthKit" */ = {
			isa = XCConfigurationList;
			buildConfigurations = (
				719421061F445CD2008AB55E /* Debug */,
				719421071F445CD2008AB55E /* Release */,
			);
			defaultConfigurationIsVisible = 0;
			defaultConfigurationName = Release;
		};
/* End XCConfigurationList section */
	};
	rootObject = 719420EB1F445CD2008AB55E /* Project object */;
}
